version: 1
checksums:
  6007fef82661d1c8af785b6a18585e18:
    "%2F%20%25lld%20Countries": 439beb14272034766f4c57498326ee87
    "%25%40%20of%20the%20world%20visited": 11341031653ee361e898744bfaa52952
    "%25lld": 7ba3db343a150b1789fd64ac7b9aeac3
    "%25lld%20countries%20visited": 5b004a3d62497add1017168ec25a1ba2
    "%E2%80%A2": 5f1c90d0fd46023ba1bfaaa2537f59fb
    1%20country%20visited: 5c6d696f98d6bf07d56efc91738a21e5
    100%25%20Private%20%26%20Secure: aece786b5603827948453d3d7a3521cd
    Accessing%20Photos...: 5a03398796572948b24cc81769bb9fd0
    Add%20Country: f7ca9c1461fbcb8550ce377a09b72ec7
    Add%20My%20First%20Country: e6f31a16211ae97bc45c78a19cce3b70
    All%20photo%20location%20data%20is%20processed%20entirely%20offline%20on%20your%20device.%20Your%20photos%20are%20never%20uploaded%20or%20shared.: 3ecb340765f4db9599660fb3f832c2d5
    Are%20you%20sure%20you%20want%20to%20delete%20this%20visit%3F: be6bb86842dbd1b0d6bf194410e7a1ed
    Atlas%20%26%20Me: 750a3a7adea455dd5be7a7650e9cc0d2
    Cancel: 2e2a849c2223911717de8caa2c71bade
    Close: 2c2e22f8424a1031de89063bd0022e16
    Countries: a5c22b2a00fcace8681f5e1df49c0b34
    Countries%20Breakdown: 8286e960c3d28da5bddb1ccfce9d39c8
    Date%20(Newest): 60f10a622984084fd5a79e695d01dee5
    Date%20(Oldest): 4b0fafee1c81627bca8dc9d24b70b8eb
    Delete: 8bcf303dd10a645b5baacb02b47d72c9
    Delete%20Visit: 4918bc25fee7a415aec5aa702a98210f
    Discover%20Visited%20Countries: 2d501b6bfb812bfedd331061aa9dab37
    Done: ffd408fa29d5bc9039ef8ea1b9b699bb
    Explorer%20Year: 4f60415538f8fd5e0a9fb664c93e387c
    First%20country%20visited: 8d8ed135f7231b526d7572ba765e2e0d
    First%20Visited: fec16c71821979bc8be78ab4ff6552a2
    Found%3A%20**%25lld%20new**: c5be2b030a8efa6ce902cf315ec513c8
    Home: 104a3db3b671c04e167eafbe21e57881
    Import%20Complete!: 301056825701b7a5002f17739ff9ada2
    Import%20from%20Photos: 9a1618801b9ce2a0dd18ae09f2c7d266
    Imported%20from%20Photo%20Library: 43a4d3a14d79da462fe7923d7b7dfd61
    ISO%3A%20%25%40: 1b4f7a8bee9acac6cc6b158855add0c2
    ISO%3A%20%25%40%20%7C%20%25%40: 48fa41e3291bb88986ff20bfe2696f8e
    Key: 3d1065ab98a1c2f1210507fd5c7bf515
    Latest%20Addition: 5880a22ca702bb1b6e082f439c0211b5
    Latitude%3A%20%25.4f%0ALongitude%3A%20%25.4f: b255e18b3c24530a653e72d0be7edd7e
    Loading%20global%20geography%20coordinates%20for%20offline%20lookup.: 884526fe5cccbe1a63942720402d4067
    Map: 9805fec9a6cb82a6024c7f214b54a29e
    Map%20Location: 570ff4486c0d2df1ea132a44da330e8b
    Most%20recently%20visited: 9fb0929148735d4263d8b45012a8bd26
    My%20Countries: 5bebe9d28a4a952de654d2c420b16487
    N%2FA: 0f9c9f00cd99d49b710b4e4cfd8fe85c
    Name%20(A-Z): fb19f14e55fb3674e2a4ae677c68bc9d
    Name%20(Z-A): 9f9be71499c8edfa16cadb5aa21190e0
    New%20countries%20%2F%20year: b86fbba2de825259b23ea1b73b54a4b1
    No%20Geotagged%20Photos: 056c09f4a1570e6407650b4f078007b1
    No%20Matches: 1450b0aa11b1dc4570ed83b08daa02f3
    No%20travels%20recorded: dde6a8bec509a742fb4cb427a508f58c
    No%20Travels%20Yet: 4ee092879ebdff4bccbd124e41ee82f2
    No%20visited%20countries%20yet.%20Add%20some%20in%20the%20Travels%20tab!: 1ab0ce6fe35a9020c46fb45ad476ff1f
    Open%20Settings: 8eaaab83f5a8c5e90df8322ecd5f25d6
    Photo%20Access%20Denied: e6a3acf94fb3c56b80a49e83a491dc5e
    Please%20authorize%20photo%20access%20if%20prompted.: 6807a14da4b9f8c16ba173baed2588d4
    Preparing%20Country%20Data...: 0676e580b1e8728a5ffb9813768399a5
    Processed%3A%20**%25lld%20%2F%20%25lld**: 5ac1f0f11765151c6ee41ef4b127c8f6
    Remaining: 5db6eb99c266450c802a2bd345e5dce0
    Save: f7a2929f33bc420195e59ac5a8bcd454
    Scan%20finished%2C%20but%20no%20new%20countries%20were%20found.%20Your%20list%20is%20already%20up%20to%20date!: 19a63a22045bb3b6d3109e990d18912c
    Scan%20the%20location%20metadata%20in%20your%20photo%20library%20to%20automatically%20add%20the%20countries%20you've%20travelled%20to%2C%20set%20with%20the%20date%20you%20visited%20them.: a681d977423e1050fe623d08f0a79450
    Scanning%20Your%20Photos...: e7c5fae4df978695b35a87edc5ad1743
    Search%20countries...: fa6a6ac50dabb02421f2996bf79d29a0
    Search%20visited%20countries...: e8b04370a561d0348e9392d8f83c27b5
    Sort: 8b928fb3b68d93ccda40bed22261e796
    Sort%20By: f1035fcc660691aa9c6e1043e81d1d88
    Start%20Import: 97d2f0875e25fd192487c659d274dc50
    Start%20tracking%20your%20journeys%20by%20adding%20a%20country%20you've%20visited!: 1ca88493395c834578b86252061a9ff8
    Successfully%20added%20**%25lld**%20new%20countries%20to%20your%20travels%20list.: fef985ae2525317786b5988ea8acfcf5
    The%20Pioneer: df16ca458d45d0fe937a436f005660df
    This%20will%20permanently%20remove%20%25%40%20from%20your%20travelled%20list.: 0b7f0087541f5da365b96c34e7384423
    To%20automatically%20import%20countries%2C%20please%20grant%20photo%20library%20access%20in%20Settings.: 188b41ff37602c6a0f0a1ca42f85c898
    Total%20Visits: 84e0b2888d448ee1a87ee73d7cf62805
    Travel%20Details: 6b120d292879a203a1c0a86275764c2b
    Travel%20Insights: c602480b60a3f3035d3308e668dcabe3
    Travel%20Map: b8e834f91642183efcae079d3e217c6e
    Travel%20Notes: 9eacaad4909b03ccc4098f7edde8453b
    Travel%20Notes%20(Optional): e9377b86151a8612c584285ebfbb18cb
    Try%20searching%20for%20a%20different%20country.: 7287292490b1cace622a4e2efacd0956
    Unknown%20Country: b9ba877aba40baaaeafad5cebe6c878c
    Velocity: ec89b438ebec7cf6fb4f2e05c12f0be3
    Visited%20%25%40: 17fd0dd0cd5542860c945ed8e011c605
    We%20couldn't%20find%20any%20photos%20with%20location%20coordinates%20in%20your%20library.%20Make%20sure%20location%20services%20are%20enabled%20for%20your%20camera.: 79bd997072c99de8046de1dd3ead3d84
    What%20did%20you%20do%20there%3F: 578621216485ec4634bba25cedaac3a2
    What%20did%20you%20do%20there%3F%20Favorite%20places%3F: 178e76ec0ed7dbdd1066295e2bb5df74
    WORLD%20EXPLORER: 08206a8591f4afc41ac962234b10f32d
